// !$*UTF8*$!
{
	archiveVersion = 1;
	classes = {
	};
	objectVersion = 55;
	objects = {

/* Begin PBXBuildFile section */
		05ED7E5127F507C600CE429D /* AppDelegate.swift in Sources */ = {isa = PBXBuildFile; fileRef = 05ED7E5027F507C600CE429D /* AppDelegate.swift */; };
		05ED7E5327F507C600CE429D /* SceneDelegate.swift in Sources */ = {isa = PBXBuildFile; fileRef = 05ED7E5227F507C600CE429D /* SceneDelegate.swift */; };
		05ED7E5527F507C600CE429D /* ViewController.swift in Sources */ = {isa = PBXBuildFile; fileRef = 05ED7E5427F507C600CE429D /* ViewController.swift */; };
		05ED7E5A27F507CA00CE429D /* Assets.xcassets in Resources */ = {isa = PBXBuildFile; fileRef = 05ED7E5927F507CA00CE429D /* Assets.xcassets */; };
		05ED7E5D27F507CA00CE429D /* LaunchScreen.storyboard in Resources */ = {isa = PBXBuildFile; fileRef = 05ED7E5B27F507CA00CE429D /* LaunchScreen.storyboard */; };
		05ED7E6627F508B700CE429D /* User.swift in Sources */ = {isa = PBXBuildFile; fileRef = 05ED7E6527F508B700CE429D /* User.swift */; };
		05ED7E6B27F5094200CE429D /* URLRequestProtocol.swift in Sources */ = {isa = PBXBuildFile; fileRef = 05ED7E6A27F5094200CE429D /* URLRequestProtocol.swift */; };
		05ED7E6E27F51F4E00CE429D /* Constants.swift in Sources */ = {isa = PBXBuildFile; fileRef = 05ED7E6D27F51F4E00CE429D /* Constants.swift */; };
		05ED7E7227F5216B00CE429D /* HTTPMethod.swift in Sources */ = {isa = PBXBuildFile; fileRef = 05ED7E7127F5216B00CE429D /* HTTPMethod.swift */; };
		05ED7E7427F5225C00CE429D /* HomeRequest.swift in Sources */ = {isa = PBXBuildFile; fileRef = 05ED7E7327F5225C00CE429D /* HomeRequest.swift */; };
		05ED7E7727F523C100CE429D /* Environment.swift in Sources */ = {isa = PBXBuildFile; fileRef = 05ED7E7627F523C100CE429D /* Environment.swift */; };
		05ED7E7927F5264B00CE429D /* MD5.swift in Sources */ = {isa = PBXBuildFile; fileRef = 05ED7E7827F5264B00CE429D /* MD5.swift */; };
/* End PBXBuildFile section */

/* Begin PBXFileReference section */
		05ED7E4D27F507C600CE429D /* dependencyInject.app */ = {isa = PBXFileReference; explicitFileType = wrapper.application; includeInIndex = 0; path = dependencyInject.app; sourceTree = BUILT_PRODUCTS_DIR; };
		05ED7E5027F507C600CE429D /* AppDelegate.swift */ = {isa = PBXFileReference; lastKnownFileType = sourcecode.swift; path = AppDelegate.swift; sourceTree = "<group>"; };
		05ED7E5227F507C600CE429D /* SceneDelegate.swift */ = {isa = PBXFileReference; lastKnownFileType = sourcecode.swift; path = SceneDelegate.swift; sourceTree = "<group>"; };
		05ED7E5427F507C600CE429D /* ViewController.swift */ = {isa = PBXFileReference; lastKnownFileType = sourcecode.swift; path = ViewController.swift; sourceTree = "<group>"; };
		05ED7E5927F507CA00CE429D /* Assets.xcassets */ = {isa = PBXFileReference; lastKnownFileType = folder.assetcatalog; path = Assets.xcassets; sourceTree = "<group>"; };
		05ED7E5C27F507CA00CE429D /* Base */ = {isa = PBXFileReference; lastKnownFileType = file.storyboard; name = Base; path = Base.lproj/LaunchScreen.storyboard; sourceTree = "<group>"; };
		05ED7E5E27F507CA00CE429D /* Info.plist */ = {isa = PBXFileReference; lastKnownFileType = text.plist.xml; path = Info.plist; sourceTree = "<group>"; };
		05ED7E6527F508B700CE429D /* User.swift */ = {isa = PBXFileReference; lastKnownFileType = sourcecode.swift; path = User.swift; sourceTree = "<group>"; };
		05ED7E6A27F5094200CE429D /* URLRequestProtocol.swift */ = {isa = PBXFileReference; lastKnownFileType = sourcecode.swift; path = URLRequestProtocol.swift; sourceTree = "<group>"; };
		05ED7E6D27F51F4E00CE429D /* Constants.swift */ = {isa = PBXFileReference; lastKnownFileType = sourcecode.swift; path = Constants.swift; sourceTree = "<group>"; };
		05ED7E7127F5216B00CE429D /* HTTPMethod.swift */ = {isa = PBXFileReference; lastKnownFileType = sourcecode.swift; path = HTTPMethod.swift; sourceTree = "<group>"; };
		05ED7E7327F5225C00CE429D /* HomeRequest.swift */ = {isa = PBXFileReference; lastKnownFileType = sourcecode.swift; path = HomeRequest.swift; sourceTree = "<group>"; };
		05ED7E7627F523C100CE429D /* Environment.swift */ = {isa = PBXFileReference; lastKnownFileType = sourcecode.swift; path = Environment.swift; sourceTree = "<group>"; };
		05ED7E7827F5264B00CE429D /* MD5.swift */ = {isa = PBXFileReference; lastKnownFileType = sourcecode.swift; path = MD5.swift; sourceTree = "<group>"; };
/* End PBXFileReference section */

/* Begin PBXFrameworksBuildPhase section */
		05ED7E4A27F507C600CE429D /* Frameworks */ = {
			isa = PBXFrameworksBuildPhase;
			buildActionMask = 2147483647;
			files = (
			);
			runOnlyForDeploymentPostprocessing = 0;
		};
/* End PBXFrameworksBuildPhase section */

/* Begin PBXGroup section */
		05ED7E4427F507C600CE429D = {
			isa = PBXGroup;
			children = (
				05ED7E4F27F507C600CE429D /* dependencyInject */,
				05ED7E4E27F507C600CE429D /* Products */,
			);
			sourceTree = "<group>";
		};
		05ED7E4E27F507C600CE429D /* Products */ = {
			isa = PBXGroup;
			children = (
				05ED7E4D27F507C600CE429D /* dependencyInject.app */,
			);
			name = Products;
			sourceTree = "<group>";
		};
		05ED7E4F27F507C600CE429D /* dependencyInject */ = {
			isa = PBXGroup;
			children = (
				05ED7E7527F5239600CE429D /* Application */,
				05ED7E6F27F5206E00CE429D /* Network */,
				05ED7E6C27F51F3A00CE429D /* Commons */,
				05ED7E6727F5090900CE429D /* Scenes */,
				05ED7E6427F5089900CE429D /* Models */,
				05ED7E5927F507CA00CE429D /* Assets.xcassets */,
				05ED7E5B27F507CA00CE429D /* LaunchScreen.storyboard */,
				05ED7E5E27F507CA00CE429D /* Info.plist */,
			);
			path = dependencyInject;
			sourceTree = "<group>";
		};
		05ED7E6427F5089900CE429D /* Models */ = {
			isa = PBXGroup;
			children = (
				05ED7E6527F508B700CE429D /* User.swift */,
			);
			path = Models;
			sourceTree = "<group>";
		};
		05ED7E6727F5090900CE429D /* Scenes */ = {
			isa = PBXGroup;
			children = (
				05ED7E6927F5092500CE429D /* Home */,
			);
			path = Scenes;
			sourceTree = "<group>";
		};
		05ED7E6827F5091200CE429D /* Services */ = {
			isa = PBXGroup;
			children = (
				05ED7E7027F520CA00CE429D /* Requests */,
			);
			name = Services;
			path = "New Group1";
			sourceTree = "<group>";
		};
		05ED7E6927F5092500CE429D /* Home */ = {
			isa = PBXGroup;
			children = (
				05ED7E5427F507C600CE429D /* ViewController.swift */,
			);
			path = Home;
			sourceTree = "<group>";
		};
		05ED7E6C27F51F3A00CE429D /* Commons */ = {
			isa = PBXGroup;
			children = (
				05ED7E6D27F51F4E00CE429D /* Constants.swift */,
				05ED7E7827F5264B00CE429D /* MD5.swift */,
			);
			path = Commons;
			sourceTree = "<group>";
		};
		05ED7E6F27F5206E00CE429D /* Network */ = {
			isa = PBXGroup;
			children = (
				05ED7E6827F5091200CE429D /* Services */,
			);
			path = Network;
			sourceTree = "<group>";
		};
		05ED7E7027F520CA00CE429D /* Requests */ = {
			isa = PBXGroup;
			children = (
				05ED7E6A27F5094200CE429D /* URLRequestProtocol.swift */,
				05ED7E7127F5216B00CE429D /* HTTPMethod.swift */,
				05ED7E7327F5225C00CE429D /* HomeRequest.swift */,
			);
			path = Requests;
			sourceTree = "<group>";
		};
		05ED7E7527F5239600CE429D /* Application */ = {
			isa = PBXGroup;
			children = (
				05ED7E7627F523C100CE429D /* Environment.swift */,
				05ED7E5027F507C600CE429D /* AppDelegate.swift */,
				05ED7E5227F507C600CE429D /* SceneDelegate.swift */,
			);
			path = Application;
			sourceTree = "<group>";
		};
/* End PBXGroup section */

/* Begin PBXNativeTarget section */
		05ED7E4C27F507C600CE429D /* dependencyInject */ = {
			isa = PBXNativeTarget;
			buildConfigurationList = 05ED7E6127F507CA00CE429D /* Build configuration list for PBXNativeTarget "dependencyInject" */;
			buildPhases = (
				05ED7E4927F507C600CE429D /* Sources */,
				05ED7E4A27F507C600CE429D /* Frameworks */,
				05ED7E4B27F507C600CE429D /* Resources */,
			);
			buildRules = (
			);
			dependencies = (
			);
			name = dependencyInject;
			productName = dependencyInject;
			productReference = 05ED7E4D27F507C600CE429D /* dependencyInject.app */;
			productType = "com.apple.product-type.application";
		};
/* End PBXNativeTarget section */

/* Begin PBXProject section */
		05ED7E4527F507C600CE429D /* Project object */ = {
			isa = PBXProject;
			attributes = {
				BuildIndependentTargetsInParallel = 1;
				LastSwiftUpdateCheck = 1320;
				LastUpgradeCheck = 1320;
				TargetAttributes = {
					05ED7E4C27F507C600CE429D = {
						CreatedOnToolsVersion = 13.2.1;
					};
				};
			};
			buildConfigurationList = 05ED7E4827F507C600CE429D /* Build configuration list for PBXProject "Marvel" */;
			compatibilityVersion = "Xcode 13.0";
			developmentRegion = en;
			hasScannedForEncodings = 0;
			knownRegions = (
				en,
				Base,
			);
			mainGroup = 05ED7E4427F507C600CE429D;
			productRefGroup = 05ED7E4E27F507C600CE429D /* Products */;
			projectDirPath = "";
			projectRoot = "";
			targets = (
				05ED7E4C27F507C600CE429D /* dependencyInject */,
			);
		};
/* End PBXProject section */

/* Begin PBXResourcesBuildPhase section */
		05ED7E4B27F507C600CE429D /* Resources */ = {
			isa = PBXResourcesBuildPhase;
			buildActionMask = 2147483647;
			files = (
				05ED7E5D27F507CA00CE429D /* LaunchScreen.storyboard in Resources */,
				05ED7E5A27F507CA00CE429D /* Assets.xcassets in Resources */,
			);
			runOnlyForDeploymentPostprocessing = 0;
		};
/* End PBXResourcesBuildPhase section */

/* Begin PBXSourcesBuildPhase section */
		05ED7E4927F507C600CE429D /* Sources */ = {
			isa = PBXSourcesBuildPhase;
			buildActionMask = 2147483647;
			files = (
				05ED7E6B27F5094200CE429D /* URLRequestProtocol.swift in Sources */,
				05ED7E6627F508B700CE429D /* User.swift in Sources */,
				05ED7E7227F5216B00CE429D /* HTTPMethod.swift in Sources */,
				05ED7E5527F507C600CE429D /* ViewController.swift in Sources */,
				05ED7E7727F523C100CE429D /* Environment.swift in Sources */,
				05ED7E5127F507C600CE429D /* AppDelegate.swift in Sources */,
				05ED7E7927F5264B00CE429D /* MD5.swift in Sources */,
				05ED7E5327F507C600CE429D /* SceneDelegate.swift in Sources */,
				05ED7E7427F5225C00CE429D /* HomeRequest.swift in Sources */,
				05ED7E6E27F51F4E00CE429D /* Constants.swift in Sources */,
			);
			runOnlyForDeploymentPostprocessing = 0;
		};
/* End PBXSourcesBuildPhase section */

/* Begin PBXVariantGroup section */
		05ED7E5B27F507CA00CE429D /* LaunchScreen.storyboard */ = {
			isa = PBXVariantGroup;
			children = (
				05ED7E5C27F507CA00CE429D /* Base */,
			);
			name = LaunchScreen.storyboard;
			sourceTree = "<group>";
		};
/* End PBXVariantGroup section */

/* Begin XCBuildConfiguration section */
		05ED7E5F27F507CA00CE429D /* Debug */ = {
			isa = XCBuildConfiguration;
			buildSettings = {
				ALWAYS_SEARCH_USER_PATHS = NO;
				CLANG_ANALYZER_NONNULL = YES;
				CLANG_ANALYZER_NUMBER_OBJECT_CONVERSION = YES_AGGRESSIVE;
				CLANG_CXX_LANGUAGE_STANDARD = "gnu++17";
				CLANG_CXX_LIBRARY = "libc++";
				CLANG_ENABLE_MODULES = YES;
				CLANG_ENABLE_OBJC_ARC = YES;
				CLANG_ENABLE_OBJC_WEAK = YES;
				CLANG_WARN_BLOCK_CAPTURE_AUTORELEASING = YES;
				CLANG_WARN_BOOL_CONVERSION = YES;
				CLANG_WARN_COMMA = YES;
				CLANG_WARN_CONSTANT_CONVERSION = YES;
				CLANG_WARN_DEPRECATED_OBJC_IMPLEMENTATIONS = YES;
				CLANG_WARN_DIRECT_OBJC_ISA_USAGE = YES_ERROR;
				CLANG_WARN_DOCUMENTATION_COMMENTS = YES;
				CLANG_WARN_EMPTY_BODY = YES;
				CLANG_WARN_ENUM_CONVERSION = YES;
				CLANG_WARN_INFINITE_RECURSION = YES;
				CLANG_WARN_INT_CONVERSION = YES;
				CLANG_WARN_NON_LITERAL_NULL_CONVERSION = YES;
				CLANG_WARN_OBJC_IMPLICIT_RETAIN_SELF = YES;
				CLANG_WARN_OBJC_LITERAL_CONVERSION = YES;
				CLANG_WARN_OBJC_ROOT_CLASS = YES_ERROR;
				CLANG_WARN_QUOTED_INCLUDE_IN_FRAMEWORK_HEADER = YES;
				CLANG_WARN_RANGE_LOOP_ANALYSIS = YES;
				CLANG_WARN_STRICT_PROTOTYPES = YES;
				CLANG_WARN_SUSPICIOUS_MOVE = YES;
				CLANG_WARN_UNGUARDED_AVAILABILITY = YES_AGGRESSIVE;
				CLANG_WARN_UNREACHABLE_CODE = YES;
				CLANG_WARN__DUPLICATE_METHOD_MATCH = YES;
				COPY_PHASE_STRIP = NO;
				DEBUG_INFORMATION_FORMAT = dwarf;
				ENABLE_STRICT_OBJC_MSGSEND = YES;
				ENABLE_TESTABILITY = YES;
				GCC_C_LANGUAGE_STANDARD = gnu11;
				GCC_DYNAMIC_NO_PIC = NO;
				GCC_NO_COMMON_BLOCKS = YES;
				GCC_OPTIMIZATION_LEVEL = 0;
				GCC_PREPROCESSOR_DEFINITIONS = (
					"DEBUG=1",
					"$(inherited)",
				);
				GCC_WARN_64_TO_32_BIT_CONVERSION = YES;
				GCC_WARN_ABOUT_RETURN_TYPE = YES_ERROR;
				GCC_WARN_UNDECLARED_SELECTOR = YES;
				GCC_WARN_UNINITIALIZED_AUTOS = YES_AGGRESSIVE;
				GCC_WARN_UNUSED_FUNCTION = YES;
				GCC_WARN_UNUSED_VARIABLE = YES;
				IPHONEOS_DEPLOYMENT_TARGET = 15.2;
				MTL_ENABLE_DEBUG_INFO = INCLUDE_SOURCE;
				MTL_FAST_MATH = YES;
				ONLY_ACTIVE_ARCH = YES;
				SDKROOT = iphoneos;
				SWIFT_ACTIVE_COMPILATION_CONDITIONS = DEBUG;
				SWIFT_OPTIMIZATION_LEVEL = "-Onone";
			};
			name = Debug;
		};
		05ED7E6027F507CA00CE429D /* Release */ = {
			isa = XCBuildConfiguration;
			buildSettings = {
				ALWAYS_SEARCH_USER_PATHS = NO;
				CLANG_ANALYZER_NONNULL = YES;
				CLANG_ANALYZER_NUMBER_OBJECT_CONVERSION = YES_AGGRESSIVE;
				CLANG_CXX_LANGUAGE_STANDARD = "gnu++17";
				CLANG_CXX_LIBRARY = "libc++";
				CLANG_ENABLE_MODULES = YES;
				CLANG_ENABLE_OBJC_ARC = YES;
				CLANG_ENABLE_OBJC_WEAK = YES;
				CLANG_WARN_BLOCK_CAPTURE_AUTORELEASING = YES;
				CLANG_WARN_BOOL_CONVERSION = YES;
				CLANG_WARN_COMMA = YES;
				CLANG_WARN_CONSTANT_CONVERSION = YES;
				CLANG_WARN_DEPRECATED_OBJC_IMPLEMENTATIONS = YES;
				CLANG_WARN_DIRECT_OBJC_ISA_USAGE = YES_ERROR;
				CLANG_WARN_DOCUMENTATION_COMMENTS = YES;
				CLANG_WARN_EMPTY_BODY = YES;
				CLANG_WARN_ENUM_CONVERSION = YES;
				CLANG_WARN_INFINITE_RECURSION = YES;
				CLANG_WARN_INT_CONVERSION = YES;
				CLANG_WARN_NON_LITERAL_NULL_CONVERSION = YES;
				CLANG_WARN_OBJC_IMPLICIT_RETAIN_SELF = YES;
				CLANG_WARN_OBJC_LITERAL_CONVERSION = YES;
				CLANG_WARN_OBJC_ROOT_CLASS = YES_ERROR;
				CLANG_WARN_QUOTED_INCLUDE_IN_FRAMEWORK_HEADER = YES;
				CLANG_WARN_RANGE_LOOP_ANALYSIS = YES;
				CLANG_WARN_STRICT_PROTOTYPES = YES;
				CLANG_WARN_SUSPICIOUS_MOVE = YES;
				CLANG_WARN_UNGUARDED_AVAILABILITY = YES_AGGRESSIVE;
				CLANG_WARN_UNREACHABLE_CODE = YES;
				CLANG_WARN__DUPLICATE_METHOD_MATCH = YES;
				COPY_PHASE_STRIP = NO;
				DEBUG_INFORMATION_FORMAT = "dwarf-with-dsym";
				ENABLE_NS_ASSERTIONS = NO;
				ENABLE_STRICT_OBJC_MSGSEND = YES;
				GCC_C_LANGUAGE_STANDARD = gnu11;
				GCC_NO_COMMON_BLOCKS = YES;
				GCC_WARN_64_TO_32_BIT_CONVERSION = YES;
				GCC_WARN_ABOUT_RETURN_TYPE = YES_ERROR;
				GCC_WARN_UNDECLARED_SELECTOR = YES;
				GCC_WARN_UNINITIALIZED_AUTOS = YES_AGGRESSIVE;
				GCC_WARN_UNUSED_FUNCTION = YES;
				GCC_WARN_UNUSED_VARIABLE = YES;
				IPHONEOS_DEPLOYMENT_TARGET = 15.2;
				MTL_ENABLE_DEBUG_INFO = NO;
				MTL_FAST_MATH = YES;
				SDKROOT = iphoneos;
				SWIFT_COMPILATION_MODE = wholemodule;
				SWIFT_OPTIMIZATION_LEVEL = "-O";
				VALIDATE_PRODUCT = YES;
			};
			name = Release;
		};
		05ED7E6227F507CA00CE429D /* Debug */ = {
			isa = XCBuildConfiguration;
			buildSettings = {
				ASSETCATALOG_COMPILER_APPICON_NAME = AppIcon;
				ASSETCATALOG_COMPILER_GLOBAL_ACCENT_COLOR_NAME = AccentColor;
				CODE_SIGN_STYLE = Automatic;
				CURRENT_PROJECT_VERSION = 1;
				DEVELOPMENT_TEAM = VMS7N3ZWG9;
				GENERATE_INFOPLIST_FILE = YES;
				INFOPLIST_FILE = dependencyInject/Info.plist;
				INFOPLIST_KEY_UIApplicationSupportsIndirectInputEvents = YES;
				INFOPLIST_KEY_UILaunchStoryboardName = LaunchScreen;
				INFOPLIST_KEY_UISupportedInterfaceOrientations_iPad = "UIInterfaceOrientationPortrait UIInterfaceOrientationPortraitUpsideDown UIInterfaceOrientationLandscapeLeft UIInterfaceOrientationLandscapeRight";
				INFOPLIST_KEY_UISupportedInterfaceOrientations_iPhone = "UIInterfaceOrientationPortrait UIInterfaceOrientationLandscapeLeft UIInterfaceOrientationLandscapeRight";
				LD_RUNPATH_SEARCH_PATHS = (
					"$(inherited)",
					"@executable_path/Frameworks",
				);
				MARKETING_VERSION = 1.0;
				PRODUCT_BUNDLE_IDENTIFIER = com.RefactoringLuxks.dependencyInject;
				PRODUCT_NAME = "$(TARGET_NAME)";
				SWIFT_EMIT_LOC_STRINGS = YES;
				SWIFT_VERSION = 5.0;
				TARGETED_DEVICE_FAMILY = 1;
			};
			name = Debug;
		};
		05ED7E6327F507CA00CE429D /* Release */ = {
			isa = XCBuildConfiguration;
			buildSettings = {
				ASSETCATALOG_COMPILER_APPICON_NAME = AppIcon;
				ASSETCATALOG_COMPILER_GLOBAL_ACCENT_COLOR_NAME = AccentColor;
				CODE_SIGN_STYLE = Automatic;
				CURRENT_PROJECT_VERSION = 1;
				DEVELOPMENT_TEAM = VMS7N3ZWG9;
				GENERATE_INFOPLIST_FILE = YES;
				INFOPLIST_FILE = dependencyInject/Info.plist;
				INFOPLIST_KEY_UIApplicationSupportsIndirectInputEvents = YES;
				INFOPLIST_KEY_UILaunchStoryboardName = LaunchScreen;
				INFOPLIST_KEY_UISupportedInterfaceOrientations_iPad = "UIInterfaceOrientationPortrait UIInterfaceOrientationPortraitUpsideDown UIInterfaceOrientationLandscapeLeft UIInterfaceOrientationLandscapeRight";
				INFOPLIST_KEY_UISupportedInterfaceOrientations_iPhone = "UIInterfaceOrientationPortrait UIInterfaceOrientationLandscapeLeft UIInterfaceOrientationLandscapeRight";
				LD_RUNPATH_SEARCH_PATHS = (
					"$(inherited)",
					"@executable_path/Frameworks",
				);
				MARKETING_VERSION = 1.0;
				PRODUCT_BUNDLE_IDENTIFIER = com.RefactoringLuxks.dependencyInject;
				PRODUCT_NAME = "$(TARGET_NAME)";
				SWIFT_EMIT_LOC_STRINGS = YES;
				SWIFT_VERSION = 5.0;
				TARGETED_DEVICE_FAMILY = 1;
			};
			name = Release;
		};
/* End XCBuildConfiguration section */

/* Begin XCConfigurationList section */
		05ED7E4827F507C600CE429D /* Build configuration list for PBXProject "Marvel" */ = {
			isa = XCConfigurationList;
			buildConfigurations = (
				05ED7E5F27F507CA00CE429D /* Debug */,
				05ED7E6027F507CA00CE429D /* Release */,
			);
			defaultConfigurationIsVisible = 0;
			defaultConfigurationName = Release;
		};
		05ED7E6127F507CA00CE429D /* Build configuration list for PBXNativeTarget "dependencyInject" */ = {
			isa = XCConfigurationList;
			buildConfigurations = (
				05ED7E6227F507CA00CE429D /* Debug */,
				05ED7E6327F507CA00CE429D /* Release */,
			);
			defaultConfigurationIsVisible = 0;
			defaultConfigurationName = Release;
		};
/* End XCConfigurationList section */
	};
	rootObject = 05ED7E4527F507C600CE429D /* Project object */;
}
