// !$*UTF8*$!
{
	archiveVersion = 1;
	classes = {
	};
	objectVersion = 55;
	objects = {

/* Begin PBXBuildFile section */
		055AA67027EF42AD0056C670 /* AppDelegate.swift in Sources */ = {isa = PBXBuildFile; fileRef = 055AA66F27EF42AD0056C670 /* AppDelegate.swift */; };
		055AA67227EF42AD0056C670 /* SceneDelegate.swift in Sources */ = {isa = PBXBuildFile; fileRef = 055AA67127EF42AD0056C670 /* SceneDelegate.swift */; };
		055AA67427EF42AD0056C670 /* HomeViewController.swift in Sources */ = {isa = PBXBuildFile; fileRef = 055AA67327EF42AD0056C670 /* HomeViewController.swift */; };
		055AA67A27EF42AD0056C670 /* ToDoList.xcdatamodeld in Sources */ = {isa = PBXBuildFile; fileRef = 055AA67827EF42AD0056C670 /* ToDoList.xcdatamodeld */; };
		055AA67C27EF42B20056C670 /* Assets.xcassets in Resources */ = {isa = PBXBuildFile; fileRef = 055AA67B27EF42B20056C670 /* Assets.xcassets */; };
		055AA67F27EF42B20056C670 /* LaunchScreen.storyboard in Resources */ = {isa = PBXBuildFile; fileRef = 055AA67D27EF42B20056C670 /* LaunchScreen.storyboard */; };
		055AA68827EF43A80056C670 /* Persistence.swift in Sources */ = {isa = PBXBuildFile; fileRef = 055AA68727EF43A80056C670 /* Persistence.swift */; };
		055AA68B27EF45880056C670 /* Task+CoreDataClass.swift in Sources */ = {isa = PBXBuildFile; fileRef = 055AA68927EF45880056C670 /* Task+CoreDataClass.swift */; };
		055AA68C27EF45880056C670 /* Task+CoreDataProperties.swift in Sources */ = {isa = PBXBuildFile; fileRef = 055AA68A27EF45880056C670 /* Task+CoreDataProperties.swift */; };
		055AA68F27EF573E0056C670 /* AddTaskViewController.swift in Sources */ = {isa = PBXBuildFile; fileRef = 055AA68E27EF573E0056C670 /* AddTaskViewController.swift */; };
		055AA69127EF66CE0056C670 /* TaskStatus.swift in Sources */ = {isa = PBXBuildFile; fileRef = 055AA69027EF66CE0056C670 /* TaskStatus.swift */; };
		055AA69527EF6CB90056C670 /* TaskTableViewCell.swift in Sources */ = {isa = PBXBuildFile; fileRef = 055AA69427EF6CB90056C670 /* TaskTableViewCell.swift */; };
		055AA69827EFA3EB0056C670 /* UIStackView+extensions.swift in Sources */ = {isa = PBXBuildFile; fileRef = 055AA69727EFA3EB0056C670 /* UIStackView+extensions.swift */; };
/* End PBXBuildFile section */

/* Begin PBXFileReference section */
		055AA66C27EF42AD0056C670 /* ToDoList.app */ = {isa = PBXFileReference; explicitFileType = wrapper.application; includeInIndex = 0; path = ToDoList.app; sourceTree = BUILT_PRODUCTS_DIR; };
		055AA66F27EF42AD0056C670 /* AppDelegate.swift */ = {isa = PBXFileReference; lastKnownFileType = sourcecode.swift; path = AppDelegate.swift; sourceTree = "<group>"; };
		055AA67127EF42AD0056C670 /* SceneDelegate.swift */ = {isa = PBXFileReference; lastKnownFileType = sourcecode.swift; path = SceneDelegate.swift; sourceTree = "<group>"; };
		055AA67327EF42AD0056C670 /* HomeViewController.swift */ = {isa = PBXFileReference; lastKnownFileType = sourcecode.swift; path = HomeViewController.swift; sourceTree = "<group>"; };
		055AA67927EF42AD0056C670 /* ToDoList.xcdatamodel */ = {isa = PBXFileReference; lastKnownFileType = wrapper.xcdatamodel; path = ToDoList.xcdatamodel; sourceTree = "<group>"; };
		055AA67B27EF42B20056C670 /* Assets.xcassets */ = {isa = PBXFileReference; lastKnownFileType = folder.assetcatalog; path = Assets.xcassets; sourceTree = "<group>"; };
		055AA67E27EF42B20056C670 /* Base */ = {isa = PBXFileReference; lastKnownFileType = file.storyboard; name = Base; path = Base.lproj/LaunchScreen.storyboard; sourceTree = "<group>"; };
		055AA68027EF42B20056C670 /* Info.plist */ = {isa = PBXFileReference; lastKnownFileType = text.plist.xml; path = Info.plist; sourceTree = "<group>"; };
		055AA68727EF43A80056C670 /* Persistence.swift */ = {isa = PBXFileReference; lastKnownFileType = sourcecode.swift; path = Persistence.swift; sourceTree = "<group>"; };
		055AA68927EF45880056C670 /* Task+CoreDataClass.swift */ = {isa = PBXFileReference; lastKnownFileType = sourcecode.swift; path = "Task+CoreDataClass.swift"; sourceTree = "<group>"; };
		055AA68A27EF45880056C670 /* Task+CoreDataProperties.swift */ = {isa = PBXFileReference; lastKnownFileType = sourcecode.swift; path = "Task+CoreDataProperties.swift"; sourceTree = "<group>"; };
		055AA68E27EF573E0056C670 /* AddTaskViewController.swift */ = {isa = PBXFileReference; lastKnownFileType = sourcecode.swift; path = AddTaskViewController.swift; sourceTree = "<group>"; };
		055AA69027EF66CE0056C670 /* TaskStatus.swift */ = {isa = PBXFileReference; lastKnownFileType = sourcecode.swift; path = TaskStatus.swift; sourceTree = "<group>"; };
		055AA69427EF6CB90056C670 /* TaskTableViewCell.swift */ = {isa = PBXFileReference; lastKnownFileType = sourcecode.swift; path = TaskTableViewCell.swift; sourceTree = "<group>"; };
		055AA69727EFA3EB0056C670 /* UIStackView+extensions.swift */ = {isa = PBXFileReference; lastKnownFileType = sourcecode.swift; path = "UIStackView+extensions.swift"; sourceTree = "<group>"; };
/* End PBXFileReference section */

/* Begin PBXFrameworksBuildPhase section */
		055AA66927EF42AD0056C670 /* Frameworks */ = {
			isa = PBXFrameworksBuildPhase;
			buildActionMask = 2147483647;
			files = (
			);
			runOnlyForDeploymentPostprocessing = 0;
		};
/* End PBXFrameworksBuildPhase section */

/* Begin PBXGroup section */
		055AA66327EF42AD0056C670 = {
			isa = PBXGroup;
			children = (
				055AA66E27EF42AD0056C670 /* ToDoList */,
				055AA66D27EF42AD0056C670 /* Products */,
			);
			sourceTree = "<group>";
		};
		055AA66D27EF42AD0056C670 /* Products */ = {
			isa = PBXGroup;
			children = (
				055AA66C27EF42AD0056C670 /* ToDoList.app */,
			);
			name = Products;
			sourceTree = "<group>";
		};
		055AA66E27EF42AD0056C670 /* ToDoList */ = {
			isa = PBXGroup;
			children = (
				055AA69627EFA3D30056C670 /* Extensions */,
				055AA69327EF6C520056C670 /* Cell */,
				055AA68D27EF570E0056C670 /* ViewControllers */,
				055AA68627EF437C0056C670 /* Data */,
				055AA66F27EF42AD0056C670 /* AppDelegate.swift */,
				055AA67127EF42AD0056C670 /* SceneDelegate.swift */,
				055AA67B27EF42B20056C670 /* Assets.xcassets */,
				055AA67D27EF42B20056C670 /* LaunchScreen.storyboard */,
				055AA68027EF42B20056C670 /* Info.plist */,
				055AA67827EF42AD0056C670 /* ToDoList.xcdatamodeld */,
				055AA69027EF66CE0056C670 /* TaskStatus.swift */,
			);
			path = ToDoList;
			sourceTree = "<group>";
		};
		055AA68627EF437C0056C670 /* Data */ = {
			isa = PBXGroup;
			children = (
				055AA68927EF45880056C670 /* Task+CoreDataClass.swift */,
				055AA68A27EF45880056C670 /* Task+CoreDataProperties.swift */,
				055AA68727EF43A80056C670 /* Persistence.swift */,
			);
			path = Data;
			sourceTree = "<group>";
		};
		055AA68D27EF570E0056C670 /* ViewControllers */ = {
			isa = PBXGroup;
			children = (
				055AA67327EF42AD0056C670 /* HomeViewController.swift */,
				055AA68E27EF573E0056C670 /* AddTaskViewController.swift */,
			);
			path = ViewControllers;
			sourceTree = "<group>";
		};
		055AA69327EF6C520056C670 /* Cell */ = {
			isa = PBXGroup;
			children = (
				055AA69427EF6CB90056C670 /* TaskTableViewCell.swift */,
			);
			path = Cell;
			sourceTree = "<group>";
		};
		055AA69627EFA3D30056C670 /* Extensions */ = {
			isa = PBXGroup;
			children = (
				055AA69727EFA3EB0056C670 /* UIStackView+extensions.swift */,
			);
			path = Extensions;
			sourceTree = "<group>";
		};
/* End PBXGroup section */

/* Begin PBXNativeTarget section */
		055AA66B27EF42AD0056C670 /* ToDoList */ = {
			isa = PBXNativeTarget;
			buildConfigurationList = 055AA68327EF42B20056C670 /* Build configuration list for PBXNativeTarget "ToDoList" */;
			buildPhases = (
				055AA66827EF42AD0056C670 /* Sources */,
				055AA66927EF42AD0056C670 /* Frameworks */,
				055AA66A27EF42AD0056C670 /* Resources */,
			);
			buildRules = (
			);
			dependencies = (
			);
			name = ToDoList;
			productName = ToDoList;
			productReference = 055AA66C27EF42AD0056C670 /* ToDoList.app */;
			productType = "com.apple.product-type.application";
		};
/* End PBXNativeTarget section */

/* Begin PBXProject section */
		055AA66427EF42AD0056C670 /* Project object */ = {
			isa = PBXProject;
			attributes = {
				BuildIndependentTargetsInParallel = 1;
				LastSwiftUpdateCheck = 1320;
				LastUpgradeCheck = 1320;
				TargetAttributes = {
					055AA66B27EF42AD0056C670 = {
						CreatedOnToolsVersion = 13.2.1;
					};
				};
			};
			buildConfigurationList = 055AA66727EF42AD0056C670 /* Build configuration list for PBXProject "ToDoList" */;
			compatibilityVersion = "Xcode 13.0";
			developmentRegion = en;
			hasScannedForEncodings = 0;
			knownRegions = (
				en,
				Base,
			);
			mainGroup = 055AA66327EF42AD0056C670;
			productRefGroup = 055AA66D27EF42AD0056C670 /* Products */;
			projectDirPath = "";
			projectRoot = "";
			targets = (
				055AA66B27EF42AD0056C670 /* ToDoList */,
			);
		};
/* End PBXProject section */

/* Begin PBXResourcesBuildPhase section */
		055AA66A27EF42AD0056C670 /* Resources */ = {
			isa = PBXResourcesBuildPhase;
			buildActionMask = 2147483647;
			files = (
				055AA67F27EF42B20056C670 /* LaunchScreen.storyboard in Resources */,
				055AA67C27EF42B20056C670 /* Assets.xcassets in Resources */,
			);
			runOnlyForDeploymentPostprocessing = 0;
		};
/* End PBXResourcesBuildPhase section */

/* Begin PBXSourcesBuildPhase section */
		055AA66827EF42AD0056C670 /* Sources */ = {
			isa = PBXSourcesBuildPhase;
			buildActionMask = 2147483647;
			files = (
				055AA69827EFA3EB0056C670 /* UIStackView+extensions.swift in Sources */,
				055AA67427EF42AD0056C670 /* HomeViewController.swift in Sources */,
				055AA68F27EF573E0056C670 /* AddTaskViewController.swift in Sources */,
				055AA69527EF6CB90056C670 /* TaskTableViewCell.swift in Sources */,
				055AA67027EF42AD0056C670 /* AppDelegate.swift in Sources */,
				055AA67227EF42AD0056C670 /* SceneDelegate.swift in Sources */,
				055AA67A27EF42AD0056C670 /* ToDoList.xcdatamodeld in Sources */,
				055AA68C27EF45880056C670 /* Task+CoreDataProperties.swift in Sources */,
				055AA69127EF66CE0056C670 /* TaskStatus.swift in Sources */,
				055AA68B27EF45880056C670 /* Task+CoreDataClass.swift in Sources */,
				055AA68827EF43A80056C670 /* Persistence.swift in Sources */,
			);
			runOnlyForDeploymentPostprocessing = 0;
		};
/* End PBXSourcesBuildPhase section */

/* Begin PBXVariantGroup section */
		055AA67D27EF42B20056C670 /* LaunchScreen.storyboard */ = {
			isa = PBXVariantGroup;
			children = (
				055AA67E27EF42B20056C670 /* Base */,
			);
			name = LaunchScreen.storyboard;
			sourceTree = "<group>";
		};
/* End PBXVariantGroup section */

/* Begin XCBuildConfiguration section */
		055AA68127EF42B20056C670 /* Debug */ = {
			isa = XCBuildConfiguration;
			buildSettings = {
				ALWAYS_SEARCH_USER_PATHS = NO;
				CLANG_ANALYZER_NONNULL = YES;
				CLANG_ANALYZER_NUMBER_OBJECT_CONVERSION = YES_AGGRESSIVE;
				CLANG_CXX_LANGUAGE_STANDARD = "gnu++17";
				CLANG_CXX_LIBRARY = "libc++";
				CLANG_ENABLE_MODULES = YES;
				CLANG_ENABLE_OBJC_ARC = YES;
				CLANG_ENABLE_OBJC_WEAK = YES;
				CLANG_WARN_BLOCK_CAPTURE_AUTORELEASING = YES;
				CLANG_WARN_BOOL_CONVERSION = YES;
				CLANG_WARN_COMMA = YES;
				CLANG_WARN_CONSTANT_CONVERSION = YES;
				CLANG_WARN_DEPRECATED_OBJC_IMPLEMENTATIONS = YES;
				CLANG_WARN_DIRECT_OBJC_ISA_USAGE = YES_ERROR;
				CLANG_WARN_DOCUMENTATION_COMMENTS = YES;
				CLANG_WARN_EMPTY_BODY = YES;
				CLANG_WARN_ENUM_CONVERSION = YES;
				CLANG_WARN_INFINITE_RECURSION = YES;
				CLANG_WARN_INT_CONVERSION = YES;
				CLANG_WARN_NON_LITERAL_NULL_CONVERSION = YES;
				CLANG_WARN_OBJC_IMPLICIT_RETAIN_SELF = YES;
				CLANG_WARN_OBJC_LITERAL_CONVERSION = YES;
				CLANG_WARN_OBJC_ROOT_CLASS = YES_ERROR;
				CLANG_WARN_QUOTED_INCLUDE_IN_FRAMEWORK_HEADER = YES;
				CLANG_WARN_RANGE_LOOP_ANALYSIS = YES;
				CLANG_WARN_STRICT_PROTOTYPES = YES;
				CLANG_WARN_SUSPICIOUS_MOVE = YES;
				CLANG_WARN_UNGUARDED_AVAILABILITY = YES_AGGRESSIVE;
				CLANG_WARN_UNREACHABLE_CODE = YES;
				CLANG_WARN__DUPLICATE_METHOD_MATCH = YES;
				COPY_PHASE_STRIP = NO;
				DEBUG_INFORMATION_FORMAT = dwarf;
				ENABLE_STRICT_OBJC_MSGSEND = YES;
				ENABLE_TESTABILITY = YES;
				GCC_C_LANGUAGE_STANDARD = gnu11;
				GCC_DYNAMIC_NO_PIC = NO;
				GCC_NO_COMMON_BLOCKS = YES;
				GCC_OPTIMIZATION_LEVEL = 0;
				GCC_PREPROCESSOR_DEFINITIONS = (
					"DEBUG=1",
					"$(inherited)",
				);
				GCC_WARN_64_TO_32_BIT_CONVERSION = YES;
				GCC_WARN_ABOUT_RETURN_TYPE = YES_ERROR;
				GCC_WARN_UNDECLARED_SELECTOR = YES;
				GCC_WARN_UNINITIALIZED_AUTOS = YES_AGGRESSIVE;
				GCC_WARN_UNUSED_FUNCTION = YES;
				GCC_WARN_UNUSED_VARIABLE = YES;
				IPHONEOS_DEPLOYMENT_TARGET = 15.2;
				MTL_ENABLE_DEBUG_INFO = INCLUDE_SOURCE;
				MTL_FAST_MATH = YES;
				ONLY_ACTIVE_ARCH = YES;
				SDKROOT = iphoneos;
				SWIFT_ACTIVE_COMPILATION_CONDITIONS = DEBUG;
				SWIFT_OPTIMIZATION_LEVEL = "-Onone";
			};
			name = Debug;
		};
		055AA68227EF42B20056C670 /* Release */ = {
			isa = XCBuildConfiguration;
			buildSettings = {
				ALWAYS_SEARCH_USER_PATHS = NO;
				CLANG_ANALYZER_NONNULL = YES;
				CLANG_ANALYZER_NUMBER_OBJECT_CONVERSION = YES_AGGRESSIVE;
				CLANG_CXX_LANGUAGE_STANDARD = "gnu++17";
				CLANG_CXX_LIBRARY = "libc++";
				CLANG_ENABLE_MODULES = YES;
				CLANG_ENABLE_OBJC_ARC = YES;
				CLANG_ENABLE_OBJC_WEAK = YES;
				CLANG_WARN_BLOCK_CAPTURE_AUTORELEASING = YES;
				CLANG_WARN_BOOL_CONVERSION = YES;
				CLANG_WARN_COMMA = YES;
				CLANG_WARN_CONSTANT_CONVERSION = YES;
				CLANG_WARN_DEPRECATED_OBJC_IMPLEMENTATIONS = YES;
				CLANG_WARN_DIRECT_OBJC_ISA_USAGE = YES_ERROR;
				CLANG_WARN_DOCUMENTATION_COMMENTS = YES;
				CLANG_WARN_EMPTY_BODY = YES;
				CLANG_WARN_ENUM_CONVERSION = YES;
				CLANG_WARN_INFINITE_RECURSION = YES;
				CLANG_WARN_INT_CONVERSION = YES;
				CLANG_WARN_NON_LITERAL_NULL_CONVERSION = YES;
				CLANG_WARN_OBJC_IMPLICIT_RETAIN_SELF = YES;
				CLANG_WARN_OBJC_LITERAL_CONVERSION = YES;
				CLANG_WARN_OBJC_ROOT_CLASS = YES_ERROR;
				CLANG_WARN_QUOTED_INCLUDE_IN_FRAMEWORK_HEADER = YES;
				CLANG_WARN_RANGE_LOOP_ANALYSIS = YES;
				CLANG_WARN_STRICT_PROTOTYPES = YES;
				CLANG_WARN_SUSPICIOUS_MOVE = YES;
				CLANG_WARN_UNGUARDED_AVAILABILITY = YES_AGGRESSIVE;
				CLANG_WARN_UNREACHABLE_CODE = YES;
				CLANG_WARN__DUPLICATE_METHOD_MATCH = YES;
				COPY_PHASE_STRIP = NO;
				DEBUG_INFORMATION_FORMAT = "dwarf-with-dsym";
				ENABLE_NS_ASSERTIONS = NO;
				ENABLE_STRICT_OBJC_MSGSEND = YES;
				GCC_C_LANGUAGE_STANDARD = gnu11;
				GCC_NO_COMMON_BLOCKS = YES;
				GCC_WARN_64_TO_32_BIT_CONVERSION = YES;
				GCC_WARN_ABOUT_RETURN_TYPE = YES_ERROR;
				GCC_WARN_UNDECLARED_SELECTOR = YES;
				GCC_WARN_UNINITIALIZED_AUTOS = YES_AGGRESSIVE;
				GCC_WARN_UNUSED_FUNCTION = YES;
				GCC_WARN_UNUSED_VARIABLE = YES;
				IPHONEOS_DEPLOYMENT_TARGET = 15.2;
				MTL_ENABLE_DEBUG_INFO = NO;
				MTL_FAST_MATH = YES;
				SDKROOT = iphoneos;
				SWIFT_COMPILATION_MODE = wholemodule;
				SWIFT_OPTIMIZATION_LEVEL = "-O";
				VALIDATE_PRODUCT = YES;
			};
			name = Release;
		};
		055AA68427EF42B20056C670 /* Debug */ = {
			isa = XCBuildConfiguration;
			buildSettings = {
				ASSETCATALOG_COMPILER_APPICON_NAME = AppIcon;
				ASSETCATALOG_COMPILER_GLOBAL_ACCENT_COLOR_NAME = AccentColor;
				CODE_SIGN_STYLE = Automatic;
				CURRENT_PROJECT_VERSION = 1;
				DEVELOPMENT_TEAM = VMS7N3ZWG9;
				GENERATE_INFOPLIST_FILE = YES;
				INFOPLIST_FILE = ToDoList/Info.plist;
				INFOPLIST_KEY_UIApplicationSupportsIndirectInputEvents = YES;
				INFOPLIST_KEY_UILaunchStoryboardName = LaunchScreen;
				INFOPLIST_KEY_UISupportedInterfaceOrientations_iPad = "UIInterfaceOrientationPortrait UIInterfaceOrientationPortraitUpsideDown UIInterfaceOrientationLandscapeLeft UIInterfaceOrientationLandscapeRight";
				INFOPLIST_KEY_UISupportedInterfaceOrientations_iPhone = "UIInterfaceOrientationPortrait UIInterfaceOrientationLandscapeLeft UIInterfaceOrientationLandscapeRight";
				IPHONEOS_DEPLOYMENT_TARGET = 13.0;
				LD_RUNPATH_SEARCH_PATHS = (
					"$(inherited)",
					"@executable_path/Frameworks",
				);
				MARKETING_VERSION = 1.0;
				PRODUCT_BUNDLE_IDENTIFIER = com.RefactoringLuxks.ToDoList;
				PRODUCT_NAME = "$(TARGET_NAME)";
				SWIFT_EMIT_LOC_STRINGS = YES;
				SWIFT_VERSION = 5.0;
				TARGETED_DEVICE_FAMILY = 1;
			};
			name = Debug;
		};
		055AA68527EF42B20056C670 /* Release */ = {
			isa = XCBuildConfiguration;
			buildSettings = {
				ASSETCATALOG_COMPILER_APPICON_NAME = AppIcon;
				ASSETCATALOG_COMPILER_GLOBAL_ACCENT_COLOR_NAME = AccentColor;
				CODE_SIGN_STYLE = Automatic;
				CURRENT_PROJECT_VERSION = 1;
				DEVELOPMENT_TEAM = VMS7N3ZWG9;
				GENERATE_INFOPLIST_FILE = YES;
				INFOPLIST_FILE = ToDoList/Info.plist;
				INFOPLIST_KEY_UIApplicationSupportsIndirectInputEvents = YES;
				INFOPLIST_KEY_UILaunchStoryboardName = LaunchScreen;
				INFOPLIST_KEY_UISupportedInterfaceOrientations_iPad = "UIInterfaceOrientationPortrait UIInterfaceOrientationPortraitUpsideDown UIInterfaceOrientationLandscapeLeft UIInterfaceOrientationLandscapeRight";
				INFOPLIST_KEY_UISupportedInterfaceOrientations_iPhone = "UIInterfaceOrientationPortrait UIInterfaceOrientationLandscapeLeft UIInterfaceOrientationLandscapeRight";
				IPHONEOS_DEPLOYMENT_TARGET = 13.0;
				LD_RUNPATH_SEARCH_PATHS = (
					"$(inherited)",
					"@executable_path/Frameworks",
				);
				MARKETING_VERSION = 1.0;
				PRODUCT_BUNDLE_IDENTIFIER = com.RefactoringLuxks.ToDoList;
				PRODUCT_NAME = "$(TARGET_NAME)";
				SWIFT_EMIT_LOC_STRINGS = YES;
				SWIFT_VERSION = 5.0;
				TARGETED_DEVICE_FAMILY = 1;
			};
			name = Release;
		};
/* End XCBuildConfiguration section */

/* Begin XCConfigurationList section */
		055AA66727EF42AD0056C670 /* Build configuration list for PBXProject "ToDoList" */ = {
			isa = XCConfigurationList;
			buildConfigurations = (
				055AA68127EF42B20056C670 /* Debug */,
				055AA68227EF42B20056C670 /* Release */,
			);
			defaultConfigurationIsVisible = 0;
			defaultConfigurationName = Release;
		};
		055AA68327EF42B20056C670 /* Build configuration list for PBXNativeTarget "ToDoList" */ = {
			isa = XCConfigurationList;
			buildConfigurations = (
				055AA68427EF42B20056C670 /* Debug */,
				055AA68527EF42B20056C670 /* Release */,
			);
			defaultConfigurationIsVisible = 0;
			defaultConfigurationName = Release;
		};
/* End XCConfigurationList section */

/* Begin XCVersionGroup section */
		055AA67827EF42AD0056C670 /* ToDoList.xcdatamodeld */ = {
			isa = XCVersionGroup;
			children = (
				055AA67927EF42AD0056C670 /* ToDoList.xcdatamodel */,
			);
			currentVersion = 055AA67927EF42AD0056C670 /* ToDoList.xcdatamodel */;
			path = ToDoList.xcdatamodeld;
			sourceTree = "<group>";
			versionGroupType = wrapper.xcdatamodel;
		};
/* End XCVersionGroup section */
	};
	rootObject = 055AA66427EF42AD0056C670 /* Project object */;
}
